{
    "easycorp/easyadmin-bundle": {
        "version": "3.0",
        "recipe": {
            "repo": "github.com/symfony/recipes",
            "branch": "master",
            "version": "3.0",
            "ref": "b131e6cbfe1b898a508987851963fff485986285"
        }
    },
    "php": {
        "version": "7.4"
    },
    "symfony/asset": {
        "version": "v4.4.20"
    },
    "symfony/polyfill-intl-grapheme": {
        "version": "v1.22.1"
    },
    "symfony/polyfill-uuid": {
        "version": "v1.22.1"
    },
    "symfony/string": {
        "version": "v5.2.6"
    },
    "symfony/translation": {
        "version": "3.3",
        "recipe": {
            "repo": "github.com/symfony/recipes",
            "branch": "master",
            "version": "3.3",
            "ref": "2ad9d2545bce8ca1a863e50e92141f0b9d87ffcd"
        },
        "files": [
            "./config/packages/translation.yaml",
            "./translations/.gitignore"
        ]
    },
    "symfony/uid": {
        "version": "v5.2.6"
    },
    "symfony/webpack-encore-bundle": {
        "version": "1.9",
        "recipe": {
            "repo": "github.com/symfony/recipes",
            "branch": "master",
            "version": "1.9",
            "ref": "9399a0bfc6ee7a0c019f952bca46d6a6045dd451"
        },
        "files": [
            "./assets/app.js",
            "./assets/bootstrap.js",
            "./assets/controllers.json",
            "./assets/controllers/hello_controller.js",
            "./assets/styles/app.css",
            "./config/packages/assets.yaml",
            "./config/packages/prod/webpack_encore.yaml",
            "./config/packages/test/webpack_encore.yaml",
            "./config/packages/webpack_encore.yaml",
            "./package.json",
            "./webpack.config.js"
        ]
    }
}
